{
  "nodes": {
    "nixpkgs": {
      "locked": {
        "lastModified": 1789006805,
        "narHash": "sha256-q+GdZ3yq4Y2LXHRK0vKTM32Hwy7RCgUgy+hjwZLI5pY=",
        "rev": "8ce4ef6cb6f871616146b9fe26d2a5ae594e94fe",
        "type": "tarball",
        "url": "https://releases.nixos.org/nixos/unstable/nixos-26.11pre1070770.8ce4ef6cb6f8/nixexprs.tar.xz"
      },
      "original": {
        "type": "tarball",
        "url": "https://channels.nixos.org/nixos-unstable/nixexprs.tar.xz"
      }
    },
    "root": {
      "inputs": {
        "nixpkgs": "nixpkgs",
        "zig": "zig",
        "zon2nix": "zon2nix"
      }
    },
    "zig": {
      "inputs": {
        "nixpkgs": [
          "nixpkgs"
        ],
        "zon2nix": [
          "zon2nix"
        ]
      },
      "locked": {
        "lastModified": 1790977620,
        "narHash": "sha256-KIjNPrmY4M68v9N86VDsNY6UFiM+Mon4S+Cf1RHYiEg=",
        "ref": "refs/heads/main",
        "rev": "464e4de22498681ae374949df04c7a6f5f001519",
        "revCount": 1733,
        "type": "git",
        "url": "https://git.jcollie.dev/jeff/zig-overlay.git"
      },
      "original": {
        "type": "git",
        "url": "https://git.jcollie.dev/jeff/zig-overlay.git"
      }
    },
    "zon2nix": {
      "inputs": {
        "nixpkgs": [
          "nixpkgs"
        ],
        "zig": [
          "zig"
        ]
      },
      "locked": {
        "lastModified": 1790979289,
        "narHash": "sha256-nePGmEQfVNY/6uesDvbXxYSYduT1xAYIPQA177yHt7M=",
        "owner": "jcollie",
        "repo": "zon2nix",
        "rev": "2a4c0b00607505c99792f04f347dbd00e15a5ab6",
        "type": "github"
      },
      "original": {
        "owner": "jcollie",
        "repo": "zon2nix",
        "type": "github"
      }
    }
  },
  "root": "root",
  "version": 7
}
